
Microsoft Visual Studio Solution File, Format Version 12.00
# Visual Studio Version 17
VisualStudioVersion = 17.14.37216.2 d17.14
MinimumVisualStudioVersion = 10.0.40219.1
Project("{FAE04EC0-301F-11D3-BF4B-00C04F79EFBC}") = "GUI", "GUI.csproj", "{D77B6414-9713-4D12-B0CB-4C56D1DFBD01}"
EndProject
Global
	GlobalSection(SolutionConfigurationPlatforms) = preSolution
		Debug|Any CPU = Debug|Any CPU
		Release|Any CPU = Release|Any CPU
	EndGlobalSection
	GlobalSection(ProjectConfigurationPlatforms) = postSolution
		{D77B6414-9713-4D12-B0CB-4C56D1DFBD01}.Debug|Any CPU.ActiveCfg = Debug|Any CPU
		{D77B6414-9713-4D12-B0CB-4C56D1DFBD01}.Debug|Any CPU.Build.0 = Debug|Any CPU
		{D77B6414-9713-4D12-B0CB-4C56D1DFBD01}.Release|Any CPU.ActiveCfg = Release|Any CPU
		{D77B6414-9713-4D12-B0CB-4C56D1DFBD01}.Release|Any CPU.Build.0 = Release|Any CPU
	EndGlobalSection
	GlobalSection(SolutionProperties) = preSolution
		HideSolutionNode = FALSE
	EndGlobalSection
	GlobalSection(ExtensibilityGlobals) = postSolution
		SolutionGuid = {F92249DF-052B-460A-A37F-8D599A4951B1}
	EndGlobalSection
EndGlobal
